dependencies:
- name: loki
  repository: https://grafana.github.io/helm-charts
  version: 5.47.2
- name: grafana
  repository: https://grafana.github.io/helm-charts
  version: 7.3.12
- name: promtail
  repository: https://grafana.github.io/helm-charts
  version: 6.15.5
- name: prometheus
  repository: https://prometheus-community.github.io/helm-charts
  version: 25.27.0
digest: sha256:1c0d9b0f6ea277cb293e962a0adfc9012e835adb9f85a8bbe3fcef41c8fbce92
generated: "2025-07-11T14:08:29.225091+01:00"
